// !$*UTF8*$!
{
	archiveVersion = 1;
	classes = {
	};
	objectVersion = 56;
	objects = {

/* Begin PBXBuildFile section */
		3705C5942A7FEB6B00068C64 /* CircleImage.swift in Sources */ = {isa = PBXBuildFile; fileRef = 3705C5932A7FEB6B00068C64 /* CircleImage.swift */; };
		3705C5962A7FECAA00068C64 /* MapView.swift in Sources */ = {isa = PBXBuildFile; fileRef = 3705C5952A7FECAA00068C64 /* MapView.swift */; };
		3729B4D12A834BEC00944ACB /* FavoriteButton.swift in Sources */ = {isa = PBXBuildFile; fileRef = 3729B4D02A834BEC00944ACB /* FavoriteButton.swift */; };
		3729B4F02A8378A500944ACB /* HexagonParameters.swift in Sources */ = {isa = PBXBuildFile; fileRef = 3729B4EF2A8378A500944ACB /* HexagonParameters.swift */; };
		3729B4F22A837A8E00944ACB /* BadgeBackground.swift in Sources */ = {isa = PBXBuildFile; fileRef = 3729B4F12A837A8E00944ACB /* BadgeBackground.swift */; };
		3729B4F42A8383BF00944ACB /* BadgeSymbol.swift in Sources */ = {isa = PBXBuildFile; fileRef = 3729B4F32A8383BF00944ACB /* BadgeSymbol.swift */; };
		3729B4F62A83844100944ACB /* RotateBadgesSymbol.swift in Sources */ = {isa = PBXBuildFile; fileRef = 3729B4F52A83844100944ACB /* RotateBadgesSymbol.swift */; };
		3729B4F82A83897200944ACB /* Badge.swift in Sources */ = {isa = PBXBuildFile; fileRef = 3729B4F72A83897200944ACB /* Badge.swift */; };
		3776C6502A7FE3DB00B45BDB /* LandmarkApp.swift in Sources */ = {isa = PBXBuildFile; fileRef = 3776C64F2A7FE3DB00B45BDB /* LandmarkApp.swift */; };
		3776C6522A7FE3DB00B45BDB /* ContentView.swift in Sources */ = {isa = PBXBuildFile; fileRef = 3776C6512A7FE3DB00B45BDB /* ContentView.swift */; };
		3776C6542A7FE3DC00B45BDB /* Assets.xcassets in Resources */ = {isa = PBXBuildFile; fileRef = 3776C6532A7FE3DC00B45BDB /* Assets.xcassets */; };
		3776C6572A7FE3DC00B45BDB /* Preview Assets.xcassets in Resources */ = {isa = PBXBuildFile; fileRef = 3776C6562A7FE3DC00B45BDB /* Preview Assets.xcassets */; };
		378F5C062A81CC77007E1423 /* landmarkData.json in Resources */ = {isa = PBXBuildFile; fileRef = 378F5C052A81CC77007E1423 /* landmarkData.json */; };
		378F5C082A81CD07007E1423 /* Landmark.swift in Sources */ = {isa = PBXBuildFile; fileRef = 378F5C072A81CD07007E1423 /* Landmark.swift */; };
		378F5C0A2A81CFA9007E1423 /* ModelData.swift in Sources */ = {isa = PBXBuildFile; fileRef = 378F5C092A81CFA9007E1423 /* ModelData.swift */; };
		378F5C102A81D6A9007E1423 /* LandmarkRow.swift in Sources */ = {isa = PBXBuildFile; fileRef = 378F5C0F2A81D6A9007E1423 /* LandmarkRow.swift */; };
		378F5C122A81D94C007E1423 /* LandmarkList.swift in Sources */ = {isa = PBXBuildFile; fileRef = 378F5C112A81D94C007E1423 /* LandmarkList.swift */; };
		378F5C142A81DAD3007E1423 /* LandmarkDetail.swift in Sources */ = {isa = PBXBuildFile; fileRef = 378F5C132A81DAD3007E1423 /* LandmarkDetail.swift */; };
/* End PBXBuildFile section */

/* Begin PBXFileReference section */
		3705C5932A7FEB6B00068C64 /* CircleImage.swift */ = {isa = PBXFileReference; lastKnownFileType = sourcecode.swift; path = CircleImage.swift; sourceTree = "<group>"; };
		3705C5952A7FECAA00068C64 /* MapView.swift */ = {isa = PBXFileReference; lastKnownFileType = sourcecode.swift; path = MapView.swift; sourceTree = "<group>"; };
		3729B4D02A834BEC00944ACB /* FavoriteButton.swift */ = {isa = PBXFileReference; lastKnownFileType = sourcecode.swift; path = FavoriteButton.swift; sourceTree = "<group>"; };
		3729B4EF2A8378A500944ACB /* HexagonParameters.swift */ = {isa = PBXFileReference; lastKnownFileType = sourcecode.swift; path = HexagonParameters.swift; sourceTree = "<group>"; };
		3729B4F12A837A8E00944ACB /* BadgeBackground.swift */ = {isa = PBXFileReference; lastKnownFileType = sourcecode.swift; path = BadgeBackground.swift; sourceTree = "<group>"; };
		3729B4F32A8383BF00944ACB /* BadgeSymbol.swift */ = {isa = PBXFileReference; lastKnownFileType = sourcecode.swift; path = BadgeSymbol.swift; sourceTree = "<group>"; };
		3729B4F52A83844100944ACB /* RotateBadgesSymbol.swift */ = {isa = PBXFileReference; lastKnownFileType = sourcecode.swift; path = RotateBadgesSymbol.swift; sourceTree = "<group>"; };
		3729B4F72A83897200944ACB /* Badge.swift */ = {isa = PBXFileReference; lastKnownFileType = sourcecode.swift; path = Badge.swift; sourceTree = "<group>"; };
		3776C64C2A7FE3DB00B45BDB /* Landmark.app */ = {isa = PBXFileReference; explicitFileType = wrapper.application; includeInIndex = 0; path = Landmark.app; sourceTree = BUILT_PRODUCTS_DIR; };
		3776C64F2A7FE3DB00B45BDB /* LandmarkApp.swift */ = {isa = PBXFileReference; lastKnownFileType = sourcecode.swift; path = LandmarkApp.swift; sourceTree = "<group>"; };
		3776C6512A7FE3DB00B45BDB /* ContentView.swift */ = {isa = PBXFileReference; lastKnownFileType = sourcecode.swift; path = ContentView.swift; sourceTree = "<group>"; };
		3776C6532A7FE3DC00B45BDB /* Assets.xcassets */ = {isa = PBXFileReference; lastKnownFileType = folder.assetcatalog; path = Assets.xcassets; sourceTree = "<group>"; };
		3776C6562A7FE3DC00B45BDB /* Preview Assets.xcassets */ = {isa = PBXFileReference; lastKnownFileType = folder.assetcatalog; path = "Preview Assets.xcassets"; sourceTree = "<group>"; };
		378F5C052A81CC77007E1423 /* landmarkData.json */ = {isa = PBXFileReference; fileEncoding = 4; lastKnownFileType = text.json; path = landmarkData.json; sourceTree = "<group>"; };
		378F5C072A81CD07007E1423 /* Landmark.swift */ = {isa = PBXFileReference; lastKnownFileType = sourcecode.swift; path = Landmark.swift; sourceTree = "<group>"; };
		378F5C092A81CFA9007E1423 /* ModelData.swift */ = {isa = PBXFileReference; lastKnownFileType = sourcecode.swift; path = ModelData.swift; sourceTree = "<group>"; };
		378F5C0F2A81D6A9007E1423 /* LandmarkRow.swift */ = {isa = PBXFileReference; lastKnownFileType = sourcecode.swift; path = LandmarkRow.swift; sourceTree = "<group>"; };
		378F5C112A81D94C007E1423 /* LandmarkList.swift */ = {isa = PBXFileReference; lastKnownFileType = sourcecode.swift; path = LandmarkList.swift; sourceTree = "<group>"; };
		378F5C132A81DAD3007E1423 /* LandmarkDetail.swift */ = {isa = PBXFileReference; lastKnownFileType = sourcecode.swift; path = LandmarkDetail.swift; sourceTree = "<group>"; };
/* End PBXFileReference section */

/* Begin PBXFrameworksBuildPhase section */
		3776C6492A7FE3DB00B45BDB /* Frameworks */ = {
			isa = PBXFrameworksBuildPhase;
			buildActionMask = 2147483647;
			files = (
			);
			runOnlyForDeploymentPostprocessing = 0;
		};
/* End PBXFrameworksBuildPhase section */

/* Begin PBXGroup section */
		3729B4CF2A834BB800944ACB /* Custom */ = {
			isa = PBXGroup;
			children = (
				3705C5932A7FEB6B00068C64 /* CircleImage.swift */,
				3729B4D02A834BEC00944ACB /* FavoriteButton.swift */,
				3705C5952A7FECAA00068C64 /* MapView.swift */,
			);
			path = Custom;
			sourceTree = "<group>";
		};
		3729B4D22A834D2200944ACB /* Landmarks */ = {
			isa = PBXGroup;
			children = (
				378F5C112A81D94C007E1423 /* LandmarkList.swift */,
				378F5C132A81DAD3007E1423 /* LandmarkDetail.swift */,
			);
			path = Landmarks;
			sourceTree = "<group>";
		};
		3729B4F92A838B3400944ACB /* Badges */ = {
			isa = PBXGroup;
			children = (
				3729B4EF2A8378A500944ACB /* HexagonParameters.swift */,
				3729B4F12A837A8E00944ACB /* BadgeBackground.swift */,
				3729B4F32A8383BF00944ACB /* BadgeSymbol.swift */,
				3729B4F52A83844100944ACB /* RotateBadgesSymbol.swift */,
				3729B4F72A83897200944ACB /* Badge.swift */,
			);
			path = Badges;
			sourceTree = "<group>";
		};
		3776C6432A7FE3DB00B45BDB = {
			isa = PBXGroup;
			children = (
				3776C64E2A7FE3DB00B45BDB /* Landmark */,
				3776C64D2A7FE3DB00B45BDB /* Products */,
			);
			sourceTree = "<group>";
		};
		3776C64D2A7FE3DB00B45BDB /* Products */ = {
			isa = PBXGroup;
			children = (
				3776C64C2A7FE3DB00B45BDB /* Landmark.app */,
			);
			name = Products;
			sourceTree = "<group>";
		};
		3776C64E2A7FE3DB00B45BDB /* Landmark */ = {
			isa = PBXGroup;
			children = (
				3776C64F2A7FE3DB00B45BDB /* LandmarkApp.swift */,
				378F5C0C2A81D5C1007E1423 /* Model */,
				378F5C0B2A81D5B4007E1423 /* Views */,
				378F5C0D2A81D5D5007E1423 /* Resources */,
				3776C6532A7FE3DC00B45BDB /* Assets.xcassets */,
				3776C6552A7FE3DC00B45BDB /* Preview Content */,
			);
			path = Landmark;
			sourceTree = "<group>";
		};
		3776C6552A7FE3DC00B45BDB /* Preview Content */ = {
			isa = PBXGroup;
			children = (
				3776C6562A7FE3DC00B45BDB /* Preview Assets.xcassets */,
			);
			path = "Preview Content";
			sourceTree = "<group>";
		};
		378F5C0B2A81D5B4007E1423 /* Views */ = {
			isa = PBXGroup;
			children = (
				3729B4F92A838B3400944ACB /* Badges */,
				3776C6512A7FE3DB00B45BDB /* ContentView.swift */,
				378F5C0E2A81D690007E1423 /* Cell */,
				3729B4CF2A834BB800944ACB /* Custom */,
				3729B4D22A834D2200944ACB /* Landmarks */,
			);
			path = Views;
			sourceTree = "<group>";
		};
		378F5C0C2A81D5C1007E1423 /* Model */ = {
			isa = PBXGroup;
			children = (
				378F5C072A81CD07007E1423 /* Landmark.swift */,
				378F5C092A81CFA9007E1423 /* ModelData.swift */,
			);
			path = Model;
			sourceTree = "<group>";
		};
		378F5C0D2A81D5D5007E1423 /* Resources */ = {
			isa = PBXGroup;
			children = (
				378F5C052A81CC77007E1423 /* landmarkData.json */,
			);
			path = Resources;
			sourceTree = "<group>";
		};
		378F5C0E2A81D690007E1423 /* Cell */ = {
			isa = PBXGroup;
			children = (
				378F5C0F2A81D6A9007E1423 /* LandmarkRow.swift */,
			);
			path = Cell;
			sourceTree = "<group>";
		};
/* End PBXGroup section */

/* Begin PBXNativeTarget section */
		3776C64B2A7FE3DB00B45BDB /* Landmark */ = {
			isa = PBXNativeTarget;
			buildConfigurationList = 3776C65A2A7FE3DC00B45BDB /* Build configuration list for PBXNativeTarget "Landmark" */;
			buildPhases = (
				3776C6482A7FE3DB00B45BDB /* Sources */,
				3776C6492A7FE3DB00B45BDB /* Frameworks */,
				3776C64A2A7FE3DB00B45BDB /* Resources */,
			);
			buildRules = (
			);
			dependencies = (
			);
			name = Landmark;
			productName = Landmark;
			productReference = 3776C64C2A7FE3DB00B45BDB /* Landmark.app */;
			productType = "com.apple.product-type.application";
		};
/* End PBXNativeTarget section */

/* Begin PBXProject section */
		3776C6442A7FE3DB00B45BDB /* Project object */ = {
			isa = PBXProject;
			attributes = {
				BuildIndependentTargetsInParallel = 1;
				LastSwiftUpdateCheck = 1420;
				LastUpgradeCheck = 1420;
				TargetAttributes = {
					3776C64B2A7FE3DB00B45BDB = {
						CreatedOnToolsVersion = 14.2;
					};
				};
			};
			buildConfigurationList = 3776C6472A7FE3DB00B45BDB /* Build configuration list for PBXProject "Landmark" */;
			compatibilityVersion = "Xcode 14.0";
			developmentRegion = en;
			hasScannedForEncodings = 0;
			knownRegions = (
				en,
				Base,
			);
			mainGroup = 3776C6432A7FE3DB00B45BDB;
			productRefGroup = 3776C64D2A7FE3DB00B45BDB /* Products */;
			projectDirPath = "";
			projectRoot = "";
			targets = (
				3776C64B2A7FE3DB00B45BDB /* Landmark */,
			);
		};
/* End PBXProject section */

/* Begin PBXResourcesBuildPhase section */
		3776C64A2A7FE3DB00B45BDB /* Resources */ = {
			isa = PBXResourcesBuildPhase;
			buildActionMask = 2147483647;
			files = (
				3776C6572A7FE3DC00B45BDB /* Preview Assets.xcassets in Resources */,
				3776C6542A7FE3DC00B45BDB /* Assets.xcassets in Resources */,
				378F5C062A81CC77007E1423 /* landmarkData.json in Resources */,
			);
			runOnlyForDeploymentPostprocessing = 0;
		};
/* End PBXResourcesBuildPhase section */

/* Begin PBXSourcesBuildPhase section */
		3776C6482A7FE3DB00B45BDB /* Sources */ = {
			isa = PBXSourcesBuildPhase;
			buildActionMask = 2147483647;
			files = (
				3729B4F82A83897200944ACB /* Badge.swift in Sources */,
				3776C6522A7FE3DB00B45BDB /* ContentView.swift in Sources */,
				3705C5962A7FECAA00068C64 /* MapView.swift in Sources */,
				3776C6502A7FE3DB00B45BDB /* LandmarkApp.swift in Sources */,
				3729B4D12A834BEC00944ACB /* FavoriteButton.swift in Sources */,
				3729B4F02A8378A500944ACB /* HexagonParameters.swift in Sources */,
				3729B4F42A8383BF00944ACB /* BadgeSymbol.swift in Sources */,
				378F5C122A81D94C007E1423 /* LandmarkList.swift in Sources */,
				378F5C142A81DAD3007E1423 /* LandmarkDetail.swift in Sources */,
				3729B4F22A837A8E00944ACB /* BadgeBackground.swift in Sources */,
				3705C5942A7FEB6B00068C64 /* CircleImage.swift in Sources */,
				378F5C082A81CD07007E1423 /* Landmark.swift in Sources */,
				378F5C102A81D6A9007E1423 /* LandmarkRow.swift in Sources */,
				3729B4F62A83844100944ACB /* RotateBadgesSymbol.swift in Sources */,
				378F5C0A2A81CFA9007E1423 /* ModelData.swift in Sources */,
			);
			runOnlyForDeploymentPostprocessing = 0;
		};
/* End PBXSourcesBuildPhase section */

/* Begin XCBuildConfiguration section */
		3776C6582A7FE3DC00B45BDB /* Debug */ = {
			isa = XCBuildConfiguration;
			buildSettings = {
				ALWAYS_SEARCH_USER_PATHS = NO;
				CLANG_ANALYZER_NONNULL = YES;
				CLANG_ANALYZER_NUMBER_OBJECT_CONVERSION = YES_AGGRESSIVE;
				CLANG_CXX_LANGUAGE_STANDARD = "gnu++20";
				CLANG_ENABLE_MODULES = YES;
				CLANG_ENABLE_OBJC_ARC = YES;
				CLANG_ENABLE_OBJC_WEAK = YES;
				CLANG_WARN_BLOCK_CAPTURE_AUTORELEASING = YES;
				CLANG_WARN_BOOL_CONVERSION = YES;
				CLANG_WARN_COMMA = YES;
				CLANG_WARN_CONSTANT_CONVERSION = YES;
				CLANG_WARN_DEPRECATED_OBJC_IMPLEMENTATIONS = YES;
				CLANG_WARN_DIRECT_OBJC_ISA_USAGE = YES_ERROR;
				CLANG_WARN_DOCUMENTATION_COMMENTS = YES;
				CLANG_WARN_EMPTY_BODY = YES;
				CLANG_WARN_ENUM_CONVERSION = YES;
				CLANG_WARN_INFINITE_RECURSION = YES;
				CLANG_WARN_INT_CONVERSION = YES;
				CLANG_WARN_NON_LITERAL_NULL_CONVERSION = YES;
				CLANG_WARN_OBJC_IMPLICIT_RETAIN_SELF = YES;
				CLANG_WARN_OBJC_LITERAL_CONVERSION = YES;
				CLANG_WARN_OBJC_ROOT_CLASS = YES_ERROR;
				CLANG_WARN_QUOTED_INCLUDE_IN_FRAMEWORK_HEADER = YES;
				CLANG_WARN_RANGE_LOOP_ANALYSIS = YES;
				CLANG_WARN_STRICT_PROTOTYPES = YES;
				CLANG_WARN_SUSPICIOUS_MOVE = YES;
				CLANG_WARN_UNGUARDED_AVAILABILITY = YES_AGGRESSIVE;
				CLANG_WARN_UNREACHABLE_CODE = YES;
				CLANG_WARN__DUPLICATE_METHOD_MATCH = YES;
				COPY_PHASE_STRIP = NO;
				DEBUG_INFORMATION_FORMAT = dwarf;
				ENABLE_STRICT_OBJC_MSGSEND = YES;
				ENABLE_TESTABILITY = YES;
				GCC_C_LANGUAGE_STANDARD = gnu11;
				GCC_DYNAMIC_NO_PIC = NO;
				GCC_NO_COMMON_BLOCKS = YES;
				GCC_OPTIMIZATION_LEVEL = 0;
				GCC_PREPROCESSOR_DEFINITIONS = (
					"DEBUG=1",
					"$(inherited)",
				);
				GCC_WARN_64_TO_32_BIT_CONVERSION = YES;
				GCC_WARN_ABOUT_RETURN_TYPE = YES_ERROR;
				GCC_WARN_UNDECLARED_SELECTOR = YES;
				GCC_WARN_UNINITIALIZED_AUTOS = YES_AGGRESSIVE;
				GCC_WARN_UNUSED_FUNCTION = YES;
				GCC_WARN_UNUSED_VARIABLE = YES;
				IPHONEOS_DEPLOYMENT_TARGET = 16.2;
				MTL_ENABLE_DEBUG_INFO = INCLUDE_SOURCE;
				MTL_FAST_MATH = YES;
				ONLY_ACTIVE_ARCH = YES;
				SDKROOT = iphoneos;
				SWIFT_ACTIVE_COMPILATION_CONDITIONS = DEBUG;
				SWIFT_OPTIMIZATION_LEVEL = "-Onone";
			};
			name = Debug;
		};
		3776C6592A7FE3DC00B45BDB /* Release */ = {
			isa = XCBuildConfiguration;
			buildSettings = {
				ALWAYS_SEARCH_USER_PATHS = NO;
				CLANG_ANALYZER_NONNULL = YES;
				CLANG_ANALYZER_NUMBER_OBJECT_CONVERSION = YES_AGGRESSIVE;
				CLANG_CXX_LANGUAGE_STANDARD = "gnu++20";
				CLANG_ENABLE_MODULES = YES;
				CLANG_ENABLE_OBJC_ARC = YES;
				CLANG_ENABLE_OBJC_WEAK = YES;
				CLANG_WARN_BLOCK_CAPTURE_AUTORELEASING = YES;
				CLANG_WARN_BOOL_CONVERSION = YES;
				CLANG_WARN_COMMA = YES;
				CLANG_WARN_CONSTANT_CONVERSION = YES;
				CLANG_WARN_DEPRECATED_OBJC_IMPLEMENTATIONS = YES;
				CLANG_WARN_DIRECT_OBJC_ISA_USAGE = YES_ERROR;
				CLANG_WARN_DOCUMENTATION_COMMENTS = YES;
				CLANG_WARN_EMPTY_BODY = YES;
				CLANG_WARN_ENUM_CONVERSION = YES;
				CLANG_WARN_INFINITE_RECURSION = YES;
				CLANG_WARN_INT_CONVERSION = YES;
				CLANG_WARN_NON_LITERAL_NULL_CONVERSION = YES;
				CLANG_WARN_OBJC_IMPLICIT_RETAIN_SELF = YES;
				CLANG_WARN_OBJC_LITERAL_CONVERSION = YES;
				CLANG_WARN_OBJC_ROOT_CLASS = YES_ERROR;
				CLANG_WARN_QUOTED_INCLUDE_IN_FRAMEWORK_HEADER = YES;
				CLANG_WARN_RANGE_LOOP_ANALYSIS = YES;
				CLANG_WARN_STRICT_PROTOTYPES = YES;
				CLANG_WARN_SUSPICIOUS_MOVE = YES;
				CLANG_WARN_UNGUARDED_AVAILABILITY = YES_AGGRESSIVE;
				CLANG_WARN_UNREACHABLE_CODE = YES;
				CLANG_WARN__DUPLICATE_METHOD_MATCH = YES;
				COPY_PHASE_STRIP = NO;
				DEBUG_INFORMATION_FORMAT = "dwarf-with-dsym";
				ENABLE_NS_ASSERTIONS = NO;
				ENABLE_STRICT_OBJC_MSGSEND = YES;
				GCC_C_LANGUAGE_STANDARD = gnu11;
				GCC_NO_COMMON_BLOCKS = YES;
				GCC_WARN_64_TO_32_BIT_CONVERSION = YES;
				GCC_WARN_ABOUT_RETURN_TYPE = YES_ERROR;
				GCC_WARN_UNDECLARED_SELECTOR = YES;
				GCC_WARN_UNINITIALIZED_AUTOS = YES_AGGRESSIVE;
				GCC_WARN_UNUSED_FUNCTION = YES;
				GCC_WARN_UNUSED_VARIABLE = YES;
				IPHONEOS_DEPLOYMENT_TARGET = 16.2;
				MTL_ENABLE_DEBUG_INFO = NO;
				MTL_FAST_MATH = YES;
				SDKROOT = iphoneos;
				SWIFT_COMPILATION_MODE = wholemodule;
				SWIFT_OPTIMIZATION_LEVEL = "-O";
				VALIDATE_PRODUCT = YES;
			};
			name = Release;
		};
		3776C65B2A7FE3DC00B45BDB /* Debug */ = {
			isa = XCBuildConfiguration;
			buildSettings = {
				ASSETCATALOG_COMPILER_APPICON_NAME = AppIcon;
				ASSETCATALOG_COMPILER_GLOBAL_ACCENT_COLOR_NAME = AccentColor;
				CODE_SIGN_STYLE = Automatic;
				CURRENT_PROJECT_VERSION = 1;
				DEVELOPMENT_ASSET_PATHS = "\"Landmark/Preview Content\"";
				DEVELOPMENT_TEAM = 3L73K388LH;
				ENABLE_PREVIEWS = YES;
				GENERATE_INFOPLIST_FILE = YES;
				INFOPLIST_KEY_UIApplicationSceneManifest_Generation = YES;
				INFOPLIST_KEY_UIApplicationSupportsIndirectInputEvents = YES;
				INFOPLIST_KEY_UILaunchScreen_Generation = YES;
				INFOPLIST_KEY_UISupportedInterfaceOrientations_iPad = "UIInterfaceOrientationPortrait UIInterfaceOrientationPortraitUpsideDown UIInterfaceOrientationLandscapeLeft UIInterfaceOrientationLandscapeRight";
				INFOPLIST_KEY_UISupportedInterfaceOrientations_iPhone = "UIInterfaceOrientationPortrait UIInterfaceOrientationLandscapeLeft UIInterfaceOrientationLandscapeRight";
				LD_RUNPATH_SEARCH_PATHS = (
					"$(inherited)",
					"@executable_path/Frameworks",
				);
				MARKETING_VERSION = 1.0;
				PRODUCT_BUNDLE_IDENTIFIER = com.arfansyah.denny.Landmark;
				PRODUCT_NAME = "$(TARGET_NAME)";
				SWIFT_EMIT_LOC_STRINGS = YES;
				SWIFT_VERSION = 5.0;
				TARGETED_DEVICE_FAMILY = "1,2";
			};
			name = Debug;
		};
		3776C65C2A7FE3DC00B45BDB /* Release */ = {
			isa = XCBuildConfiguration;
			buildSettings = {
				ASSETCATALOG_COMPILER_APPICON_NAME = AppIcon;
				ASSETCATALOG_COMPILER_GLOBAL_ACCENT_COLOR_NAME = AccentColor;
				CODE_SIGN_STYLE = Automatic;
				CURRENT_PROJECT_VERSION = 1;
				DEVELOPMENT_ASSET_PATHS = "\"Landmark/Preview Content\"";
				DEVELOPMENT_TEAM = 3L73K388LH;
				ENABLE_PREVIEWS = YES;
				GENERATE_INFOPLIST_FILE = YES;
				INFOPLIST_KEY_UIApplicationSceneManifest_Generation = YES;
				INFOPLIST_KEY_UIApplicationSupportsIndirectInputEvents = YES;
				INFOPLIST_KEY_UILaunchScreen_Generation = YES;
				INFOPLIST_KEY_UISupportedInterfaceOrientations_iPad = "UIInterfaceOrientationPortrait UIInterfaceOrientationPortraitUpsideDown UIInterfaceOrientationLandscapeLeft UIInterfaceOrientationLandscapeRight";
				INFOPLIST_KEY_UISupportedInterfaceOrientations_iPhone = "UIInterfaceOrientationPortrait UIInterfaceOrientationLandscapeLeft UIInterfaceOrientationLandscapeRight";
				LD_RUNPATH_SEARCH_PATHS = (
					"$(inherited)",
					"@executable_path/Frameworks",
				);
				MARKETING_VERSION = 1.0;
				PRODUCT_BUNDLE_IDENTIFIER = com.arfansyah.denny.Landmark;
				PRODUCT_NAME = "$(TARGET_NAME)";
				SWIFT_EMIT_LOC_STRINGS = YES;
				SWIFT_VERSION = 5.0;
				TARGETED_DEVICE_FAMILY = "1,2";
			};
			name = Release;
		};
/* End XCBuildConfiguration section */

/* Begin XCConfigurationList section */
		3776C6472A7FE3DB00B45BDB /* Build configuration list for PBXProject "Landmark" */ = {
			isa = XCConfigurationList;
			buildConfigurations = (
				3776C6582A7FE3DC00B45BDB /* Debug */,
				3776C6592A7FE3DC00B45BDB /* Release */,
			);
			defaultConfigurationIsVisible = 0;
			defaultConfigurationName = Release;
		};
		3776C65A2A7FE3DC00B45BDB /* Build configuration list for PBXNativeTarget "Landmark" */ = {
			isa = XCConfigurationList;
			buildConfigurations = (
				3776C65B2A7FE3DC00B45BDB /* Debug */,
				3776C65C2A7FE3DC00B45BDB /* Release */,
			);
			defaultConfigurationIsVisible = 0;
			defaultConfigurationName = Release;
		};
/* End XCConfigurationList section */
	};
	rootObject = 3776C6442A7FE3DB00B45BDB /* Project object */;
}
